
Microsoft Visual Studio Solution File, Format Version 12.00
# Visual Studio Version 16
VisualStudioVersion = 16.0.29209.62
MinimumVisualStudioVersion = 10.0.40219.1
Project("{9A19103F-16F7-4668-BE54-9A1E7A4F7556}") = "StowayNet.Extensions.DependencyInjection", "src\StowayNet.Extensions.DependencyInjection\StowayNet.Extensions.DependencyInjection.csproj", "{2850CBEB-CE32-4CA6-B9F4-22385899140B}"
EndProject
Project("{FAE04EC0-301F-11D3-BF4B-00C04F79EFBC}") = "StowayNet.Extensions.DependencyInjection.Tests", "test\StowayNet.Extensions.DependencyInjection.Tests\StowayNet.Extensions.DependencyInjection.Tests.csproj", "{A47DAC02-A502-4E51-889A-4D8215E8116C}"
EndProject
Global
	GlobalSection(SolutionConfigurationPlatforms) = preSolution
		Debug|Any CPU = Debug|Any CPU
		Release|Any CPU = Release|Any CPU
	EndGlobalSection
	GlobalSection(ProjectConfigurationPlatforms) = postSolution
		{2850CBEB-CE32-4CA6-B9F4-22385899140B}.Debug|Any CPU.ActiveCfg = Debug|Any CPU
		{2850CBEB-CE32-4CA6-B9F4-22385899140B}.Debug|Any CPU.Build.0 = Debug|Any CPU
		{2850CBEB-CE32-4CA6-B9F4-22385899140B}.Release|Any CPU.ActiveCfg = Release|Any CPU
		{2850CBEB-CE32-4CA6-B9F4-22385899140B}.Release|Any CPU.Build.0 = Release|Any CPU
		{A47DAC02-A502-4E51-889A-4D8215E8116C}.Debug|Any CPU.ActiveCfg = Debug|Any CPU
		{A47DAC02-A502-4E51-889A-4D8215E8116C}.Debug|Any CPU.Build.0 = Debug|Any CPU
		{A47DAC02-A502-4E51-889A-4D8215E8116C}.Release|Any CPU.ActiveCfg = Release|Any CPU
		{A47DAC02-A502-4E51-889A-4D8215E8116C}.Release|Any CPU.Build.0 = Release|Any CPU
	EndGlobalSection
	GlobalSection(SolutionProperties) = preSolution
		HideSolutionNode = FALSE
	EndGlobalSection
	GlobalSection(ExtensibilityGlobals) = postSolution
		SolutionGuid = {B495AD36-88AC-4FD2-A048-91F3DB9954D7}
	EndGlobalSection
EndGlobal
